
Microsoft Visual Studio Solution File, Format Version 12.00
# Visual Studio 2013
VisualStudioVersion = 12.0.21005.1
MinimumVisualStudioVersion = 10.0.40219.1
Project("{FAE04EC0-301F-11D3-BF4B-00C04F79EFBC}") = "ConfigurationServer", "ConfigurationServer\ConfigurationServer.csproj", "{FED55AF0-9F71-47DF-95F9-81754B9CBADA}"
EndProject
Project("{FAE04EC0-301F-11D3-BF4B-00C04F79EFBC}") = "EmbeddedServerLibrary", "..\EmbeddedWebServer\Library\EmbeddedServerLibrary.csproj", "{140F88D6-E0EE-4021-9167-A6455F32ADC1}"
EndProject
Project("{FAE04EC0-301F-11D3-BF4B-00C04F79EFBC}") = "SocketsLibrary", "..\FreeswitchConfigSockets\Library\SocketsLibrary.csproj", "{959D2956-E058-470C-B415-851FC334A00C}"
EndProject
Project("{FAE04EC0-301F-11D3-BF4B-00C04F79EFBC}") = "DBPro", "..\DbPro\DBPro\DBPro.csproj", "{804A5915-5770-4B62-AF13-E10AE65B5901}"
EndProject
Project("{FAE04EC0-301F-11D3-BF4B-00C04F79EFBC}") = "StringTemplate", "..\StringTemplate\StringTemplateLibrary\StringTemplate.csproj", "{826664B6-1904-49B8-91AE-2C5ECAA907CD}"
EndProject
Project("{FAE04EC0-301F-11D3-BF4B-00C04F79EFBC}") = "XmlCurl", "UserModules\XmlCurl\XmlCurl.csproj", "{A3C000FB-6AF5-4DCB-923A-E25D0E9702BC}"
EndProject
Project("{FAE04EC0-301F-11D3-BF4B-00C04F79EFBC}") = "BackBoneDotNet", "..\BackBone.Net\BackBoneDotNet.csproj", "{87419E0A-1C89-4E70-A552-719203F92556}"
EndProject
Project("{FAE04EC0-301F-11D3-BF4B-00C04F79EFBC}") = "SystemMonitoring", "UserModules\SystemMonitoring\SystemMonitoring\SystemMonitoring.csproj", "{2E7F5790-17D5-4031-90E7-721D916E5C72}"
EndProject
Project("{FAE04EC0-301F-11D3-BF4B-00C04F79EFBC}") = "DataCore", "DataCore\DataCore.csproj", "{A96A9598-1699-4677-9179-0EDB3DB1120E}"
EndProject
Project("{FAE04EC0-301F-11D3-BF4B-00C04F79EFBC}") = "Site", "Site\Site.csproj", "{7CB034DD-CE63-4A35-963C-371011BD6F1C}"
EndProject
Global
	GlobalSection(SolutionConfigurationPlatforms) = preSolution
		Debug|Any CPU = Debug|Any CPU
		Debug|Mixed Platforms = Debug|Mixed Platforms
		Debug|x86 = Debug|x86
		Release|Any CPU = Release|Any CPU
		Release|Mixed Platforms = Release|Mixed Platforms
		Release|x86 = Release|x86
	EndGlobalSection
	GlobalSection(ProjectConfigurationPlatforms) = postSolution
		{FED55AF0-9F71-47DF-95F9-81754B9CBADA}.Debug|Any CPU.ActiveCfg = Debug|Any CPU
		{FED55AF0-9F71-47DF-95F9-81754B9CBADA}.Debug|Any CPU.Build.0 = Debug|Any CPU
		{FED55AF0-9F71-47DF-95F9-81754B9CBADA}.Debug|Mixed Platforms.ActiveCfg = Debug|Any CPU
		{FED55AF0-9F71-47DF-95F9-81754B9CBADA}.Debug|Mixed Platforms.Build.0 = Debug|Any CPU
		{FED55AF0-9F71-47DF-95F9-81754B9CBADA}.Debug|x86.ActiveCfg = Debug|Any CPU
		{FED55AF0-9F71-47DF-95F9-81754B9CBADA}.Release|Any CPU.ActiveCfg = Release|Any CPU
		{FED55AF0-9F71-47DF-95F9-81754B9CBADA}.Release|Any CPU.Build.0 = Release|Any CPU
		{FED55AF0-9F71-47DF-95F9-81754B9CBADA}.Release|Mixed Platforms.ActiveCfg = Release|Any CPU
		{FED55AF0-9F71-47DF-95F9-81754B9CBADA}.Release|Mixed Platforms.Build.0 = Release|Any CPU
		{FED55AF0-9F71-47DF-95F9-81754B9CBADA}.Release|x86.ActiveCfg = Release|Any CPU
		{140F88D6-E0EE-4021-9167-A6455F32ADC1}.Debug|Any CPU.ActiveCfg = Debug|Any CPU
		{140F88D6-E0EE-4021-9167-A6455F32ADC1}.Debug|Any CPU.Build.0 = Debug|Any CPU
		{140F88D6-E0EE-4021-9167-A6455F32ADC1}.Debug|Mixed Platforms.ActiveCfg = Debug|Any CPU
		{140F88D6-E0EE-4021-9167-A6455F32ADC1}.Debug|Mixed Platforms.Build.0 = Debug|Any CPU
		{140F88D6-E0EE-4021-9167-A6455F32ADC1}.Debug|x86.ActiveCfg = Debug|Any CPU
		{140F88D6-E0EE-4021-9167-A6455F32ADC1}.Release|Any CPU.ActiveCfg = Release|Any CPU
		{140F88D6-E0EE-4021-9167-A6455F32ADC1}.Release|Any CPU.Build.0 = Release|Any CPU
		{140F88D6-E0EE-4021-9167-A6455F32ADC1}.Release|Mixed Platforms.ActiveCfg = Release|Any CPU
		{140F88D6-E0EE-4021-9167-A6455F32ADC1}.Release|Mixed Platforms.Build.0 = Release|Any CPU
		{140F88D6-E0EE-4021-9167-A6455F32ADC1}.Release|x86.ActiveCfg = Release|Any CPU
		{959D2956-E058-470C-B415-851FC334A00C}.Debug|Any CPU.ActiveCfg = Debug|Any CPU
		{959D2956-E058-470C-B415-851FC334A00C}.Debug|Any CPU.Build.0 = Debug|Any CPU
		{959D2956-E058-470C-B415-851FC334A00C}.Debug|Mixed Platforms.ActiveCfg = Debug|Any CPU
		{959D2956-E058-470C-B415-851FC334A00C}.Debug|Mixed Platforms.Build.0 = Debug|Any CPU
		{959D2956-E058-470C-B415-851FC334A00C}.Debug|x86.ActiveCfg = Debug|Any CPU
		{959D2956-E058-470C-B415-851FC334A00C}.Release|Any CPU.ActiveCfg = Release|Any CPU
		{959D2956-E058-470C-B415-851FC334A00C}.Release|Any CPU.Build.0 = Release|Any CPU
		{959D2956-E058-470C-B415-851FC334A00C}.Release|Mixed Platforms.ActiveCfg = Release|Any CPU
		{959D2956-E058-470C-B415-851FC334A00C}.Release|Mixed Platforms.Build.0 = Release|Any CPU
		{959D2956-E058-470C-B415-851FC334A00C}.Release|x86.ActiveCfg = Release|Any CPU
		{804A5915-5770-4B62-AF13-E10AE65B5901}.Debug|Any CPU.ActiveCfg = Debug|Any CPU
		{804A5915-5770-4B62-AF13-E10AE65B5901}.Debug|Any CPU.Build.0 = Debug|Any CPU
		{804A5915-5770-4B62-AF13-E10AE65B5901}.Debug|Mixed Platforms.ActiveCfg = Debug|Any CPU
		{804A5915-5770-4B62-AF13-E10AE65B5901}.Debug|Mixed Platforms.Build.0 = Debug|Any CPU
		{804A5915-5770-4B62-AF13-E10AE65B5901}.Debug|x86.ActiveCfg = Debug|Any CPU
		{804A5915-5770-4B62-AF13-E10AE65B5901}.Release|Any CPU.ActiveCfg = Release|Any CPU
		{804A5915-5770-4B62-AF13-E10AE65B5901}.Release|Any CPU.Build.0 = Release|Any CPU
		{804A5915-5770-4B62-AF13-E10AE65B5901}.Release|Mixed Platforms.ActiveCfg = Release|Any CPU
		{804A5915-5770-4B62-AF13-E10AE65B5901}.Release|Mixed Platforms.Build.0 = Release|Any CPU
		{804A5915-5770-4B62-AF13-E10AE65B5901}.Release|x86.ActiveCfg = Release|Any CPU
		{826664B6-1904-49B8-91AE-2C5ECAA907CD}.Debug|Any CPU.ActiveCfg = Debug|Any CPU
		{826664B6-1904-49B8-91AE-2C5ECAA907CD}.Debug|Any CPU.Build.0 = Debug|Any CPU
		{826664B6-1904-49B8-91AE-2C5ECAA907CD}.Debug|Mixed Platforms.ActiveCfg = Debug|Any CPU
		{826664B6-1904-49B8-91AE-2C5ECAA907CD}.Debug|Mixed Platforms.Build.0 = Debug|Any CPU
		{826664B6-1904-49B8-91AE-2C5ECAA907CD}.Debug|x86.ActiveCfg = Debug|Any CPU
		{826664B6-1904-49B8-91AE-2C5ECAA907CD}.Release|Any CPU.ActiveCfg = Release|Any CPU
		{826664B6-1904-49B8-91AE-2C5ECAA907CD}.Release|Any CPU.Build.0 = Release|Any CPU
		{826664B6-1904-49B8-91AE-2C5ECAA907CD}.Release|Mixed Platforms.ActiveCfg = Release|Any CPU
		{826664B6-1904-49B8-91AE-2C5ECAA907CD}.Release|Mixed Platforms.Build.0 = Release|Any CPU
		{826664B6-1904-49B8-91AE-2C5ECAA907CD}.Release|x86.ActiveCfg = Release|Any CPU
		{A3C000FB-6AF5-4DCB-923A-E25D0E9702BC}.Debug|Any CPU.ActiveCfg = Debug|Any CPU
		{A3C000FB-6AF5-4DCB-923A-E25D0E9702BC}.Debug|Any CPU.Build.0 = Debug|Any CPU
		{A3C000FB-6AF5-4DCB-923A-E25D0E9702BC}.Debug|Mixed Platforms.ActiveCfg = Debug|Any CPU
		{A3C000FB-6AF5-4DCB-923A-E25D0E9702BC}.Debug|Mixed Platforms.Build.0 = Debug|Any CPU
		{A3C000FB-6AF5-4DCB-923A-E25D0E9702BC}.Debug|x86.ActiveCfg = Debug|Any CPU
		{A3C000FB-6AF5-4DCB-923A-E25D0E9702BC}.Release|Any CPU.ActiveCfg = Release|Any CPU
		{A3C000FB-6AF5-4DCB-923A-E25D0E9702BC}.Release|Any CPU.Build.0 = Release|Any CPU
		{A3C000FB-6AF5-4DCB-923A-E25D0E9702BC}.Release|Mixed Platforms.ActiveCfg = Release|Any CPU
		{A3C000FB-6AF5-4DCB-923A-E25D0E9702BC}.Release|Mixed Platforms.Build.0 = Release|Any CPU
		{A3C000FB-6AF5-4DCB-923A-E25D0E9702BC}.Release|x86.ActiveCfg = Release|Any CPU
		{87419E0A-1C89-4E70-A552-719203F92556}.Debug|Any CPU.ActiveCfg = Debug|Any CPU
		{87419E0A-1C89-4E70-A552-719203F92556}.Debug|Any CPU.Build.0 = Debug|Any CPU
		{87419E0A-1C89-4E70-A552-719203F92556}.Debug|Mixed Platforms.ActiveCfg = Debug|Any CPU
		{87419E0A-1C89-4E70-A552-719203F92556}.Debug|Mixed Platforms.Build.0 = Debug|Any CPU
		{87419E0A-1C89-4E70-A552-719203F92556}.Debug|x86.ActiveCfg = Debug|Any CPU
		{87419E0A-1C89-4E70-A552-719203F92556}.Release|Any CPU.ActiveCfg = Release|Any CPU
		{87419E0A-1C89-4E70-A552-719203F92556}.Release|Any CPU.Build.0 = Release|Any CPU
		{87419E0A-1C89-4E70-A552-719203F92556}.Release|Mixed Platforms.ActiveCfg = Release|Any CPU
		{87419E0A-1C89-4E70-A552-719203F92556}.Release|Mixed Platforms.Build.0 = Release|Any CPU
		{87419E0A-1C89-4E70-A552-719203F92556}.Release|x86.ActiveCfg = Release|Any CPU
		{2E7F5790-17D5-4031-90E7-721D916E5C72}.Debug|Any CPU.ActiveCfg = Debug|Any CPU
		{2E7F5790-17D5-4031-90E7-721D916E5C72}.Debug|Any CPU.Build.0 = Debug|Any CPU
		{2E7F5790-17D5-4031-90E7-721D916E5C72}.Debug|Mixed Platforms.ActiveCfg = Debug|Any CPU
		{2E7F5790-17D5-4031-90E7-721D916E5C72}.Debug|Mixed Platforms.Build.0 = Debug|Any CPU
		{2E7F5790-17D5-4031-90E7-721D916E5C72}.Debug|x86.ActiveCfg = Debug|Any CPU
		{2E7F5790-17D5-4031-90E7-721D916E5C72}.Release|Any CPU.ActiveCfg = Release|Any CPU
		{2E7F5790-17D5-4031-90E7-721D916E5C72}.Release|Any CPU.Build.0 = Release|Any CPU
		{2E7F5790-17D5-4031-90E7-721D916E5C72}.Release|Mixed Platforms.ActiveCfg = Release|Any CPU
		{2E7F5790-17D5-4031-90E7-721D916E5C72}.Release|Mixed Platforms.Build.0 = Release|Any CPU
		{2E7F5790-17D5-4031-90E7-721D916E5C72}.Release|x86.ActiveCfg = Release|Any CPU
		{A96A9598-1699-4677-9179-0EDB3DB1120E}.Debug|Any CPU.ActiveCfg = Debug|x86
		{A96A9598-1699-4677-9179-0EDB3DB1120E}.Debug|Any CPU.Build.0 = Debug|x86
		{A96A9598-1699-4677-9179-0EDB3DB1120E}.Debug|Mixed Platforms.ActiveCfg = Debug|x86
		{A96A9598-1699-4677-9179-0EDB3DB1120E}.Debug|Mixed Platforms.Build.0 = Debug|x86
		{A96A9598-1699-4677-9179-0EDB3DB1120E}.Debug|x86.ActiveCfg = Debug|x86
		{A96A9598-1699-4677-9179-0EDB3DB1120E}.Debug|x86.Build.0 = Debug|x86
		{A96A9598-1699-4677-9179-0EDB3DB1120E}.Release|Any CPU.ActiveCfg = Release|x86
		{A96A9598-1699-4677-9179-0EDB3DB1120E}.Release|Mixed Platforms.ActiveCfg = Release|x86
		{A96A9598-1699-4677-9179-0EDB3DB1120E}.Release|Mixed Platforms.Build.0 = Release|x86
		{A96A9598-1699-4677-9179-0EDB3DB1120E}.Release|x86.ActiveCfg = Release|x86
		{A96A9598-1699-4677-9179-0EDB3DB1120E}.Release|x86.Build.0 = Release|x86
		{7CB034DD-CE63-4A35-963C-371011BD6F1C}.Debug|Any CPU.ActiveCfg = Debug|Any CPU
		{7CB034DD-CE63-4A35-963C-371011BD6F1C}.Debug|Any CPU.Build.0 = Debug|Any CPU
		{7CB034DD-CE63-4A35-963C-371011BD6F1C}.Debug|Mixed Platforms.ActiveCfg = Debug|Any CPU
		{7CB034DD-CE63-4A35-963C-371011BD6F1C}.Debug|Mixed Platforms.Build.0 = Debug|Any CPU
		{7CB034DD-CE63-4A35-963C-371011BD6F1C}.Debug|x86.ActiveCfg = Debug|Any CPU
		{7CB034DD-CE63-4A35-963C-371011BD6F1C}.Release|Any CPU.ActiveCfg = Release|Any CPU
		{7CB034DD-CE63-4A35-963C-371011BD6F1C}.Release|Any CPU.Build.0 = Release|Any CPU
		{7CB034DD-CE63-4A35-963C-371011BD6F1C}.Release|Mixed Platforms.ActiveCfg = Release|Any CPU
		{7CB034DD-CE63-4A35-963C-371011BD6F1C}.Release|Mixed Platforms.Build.0 = Release|Any CPU
		{7CB034DD-CE63-4A35-963C-371011BD6F1C}.Release|x86.ActiveCfg = Release|Any CPU
	EndGlobalSection
	GlobalSection(SolutionProperties) = preSolution
		HideSolutionNode = FALSE
	EndGlobalSection
EndGlobal
